
Microsoft Visual Studio Solution File, Format Version 12.00
# Visual Studio 15
VisualStudioVersion = 15.0.28010.2026
MinimumVisualStudioVersion = 10.0.40219.1
Project("{9A19103F-16F7-4668-BE54-9A1E7A4F7556}") = "GiphyH", "GiphyH\GiphyH.csproj", "{F28A715B-8D56-48EA-9A8A-15C9B4CB82DD}"
EndProject
Project("{9A19103F-16F7-4668-BE54-9A1E7A4F7556}") = "GiphyH.DAL", "GiphyH.DAL\GiphyH.DAL.csproj", "{EC6D0124-7F11-4DA3-9639-F24934D9A991}"
EndProject
Project("{9A19103F-16F7-4668-BE54-9A1E7A4F7556}") = "ConsoleTest", "ConsoleTest\ConsoleTest.csproj", "{0925A8E1-BAC9-4ED0-A942-13848A433586}"
EndProject
Project("{FAE04EC0-301F-11D3-BF4B-00C04F79EFBC}") = "GiphyH.BLL", "BLL\GiphyH.BLL.csproj", "{7D909AC9-910F-4D28-B8C6-B754248EEDAD}"
EndProject
Global
	GlobalSection(SolutionConfigurationPlatforms) = preSolution
		Debug|Any CPU = Debug|Any CPU
		Release|Any CPU = Release|Any CPU
	EndGlobalSection
	GlobalSection(ProjectConfigurationPlatforms) = postSolution
		{F28A715B-8D56-48EA-9A8A-15C9B4CB82DD}.Debug|Any CPU.ActiveCfg = Debug|Any CPU
		{F28A715B-8D56-48EA-9A8A-15C9B4CB82DD}.Debug|Any CPU.Build.0 = Debug|Any CPU
		{F28A715B-8D56-48EA-9A8A-15C9B4CB82DD}.Release|Any CPU.ActiveCfg = Release|Any CPU
		{F28A715B-8D56-48EA-9A8A-15C9B4CB82DD}.Release|Any CPU.Build.0 = Release|Any CPU
		{EC6D0124-7F11-4DA3-9639-F24934D9A991}.Debug|Any CPU.ActiveCfg = Debug|Any CPU
		{EC6D0124-7F11-4DA3-9639-F24934D9A991}.Debug|Any CPU.Build.0 = Debug|Any CPU
		{EC6D0124-7F11-4DA3-9639-F24934D9A991}.Release|Any CPU.ActiveCfg = Release|Any CPU
		{EC6D0124-7F11-4DA3-9639-F24934D9A991}.Release|Any CPU.Build.0 = Release|Any CPU
		{0925A8E1-BAC9-4ED0-A942-13848A433586}.Debug|Any CPU.ActiveCfg = Debug|Any CPU
		{0925A8E1-BAC9-4ED0-A942-13848A433586}.Debug|Any CPU.Build.0 = Debug|Any CPU
		{0925A8E1-BAC9-4ED0-A942-13848A433586}.Release|Any CPU.ActiveCfg = Release|Any CPU
		{0925A8E1-BAC9-4ED0-A942-13848A433586}.Release|Any CPU.Build.0 = Release|Any CPU
		{7D909AC9-910F-4D28-B8C6-B754248EEDAD}.Debug|Any CPU.ActiveCfg = Debug|Any CPU
		{7D909AC9-910F-4D28-B8C6-B754248EEDAD}.Debug|Any CPU.Build.0 = Debug|Any CPU
		{7D909AC9-910F-4D28-B8C6-B754248EEDAD}.Release|Any CPU.ActiveCfg = Release|Any CPU
		{7D909AC9-910F-4D28-B8C6-B754248EEDAD}.Release|Any CPU.Build.0 = Release|Any CPU
	EndGlobalSection
	GlobalSection(SolutionProperties) = preSolution
		HideSolutionNode = FALSE
	EndGlobalSection
	GlobalSection(ExtensibilityGlobals) = postSolution
		SolutionGuid = {23A42DF4-B34F-43AD-96A6-F74CEC2DB83B}
	EndGlobalSection
EndGlobal
